
Microsoft Visual Studio Solution File, Format Version 12.00
# Visual Studio Version 16
VisualStudioVersion = 16.0.30717.126
MinimumVisualStudioVersion = 10.0.40219.1
Project("{FAE04EC0-301F-11D3-BF4B-00C04F79EFBC}") = "FinalProjectVersion2", "FinalProjectVersion2.csproj", "{8CFC7B26-F67F-462D-9F93-A6FF25637798}"
EndProject
Global
	GlobalSection(SolutionConfigurationPlatforms) = preSolution
		Debug|Any CPU = Debug|Any CPU
		Release|Any CPU = Release|Any CPU
	EndGlobalSection
	GlobalSection(ProjectConfigurationPlatforms) = postSolution
		{8CFC7B26-F67F-462D-9F93-A6FF25637798}.Debug|Any CPU.ActiveCfg = Debug|Any CPU
		{8CFC7B26-F67F-462D-9F93-A6FF25637798}.Debug|Any CPU.Build.0 = Debug|Any CPU
		{8CFC7B26-F67F-462D-9F93-A6FF25637798}.Release|Any CPU.ActiveCfg = Release|Any CPU
		{8CFC7B26-F67F-462D-9F93-A6FF25637798}.Release|Any CPU.Build.0 = Release|Any CPU
	EndGlobalSection
	GlobalSection(SolutionProperties) = preSolution
		HideSolutionNode = FALSE
	EndGlobalSection
	GlobalSection(ExtensibilityGlobals) = postSolution
		SolutionGuid = {9CCB6DD7-76FC-4913-9B8E-C0EE7BB2867E}
	EndGlobalSection
EndGlobal
